
Microsoft Visual Studio Solution File, Format Version 12.00
# Visual Studio 15
VisualStudioVersion = 15.0.26430.13
MinimumVisualStudioVersion = 10.0.40219.1
Project("{FAE04EC0-301F-11D3-BF4B-00C04F79EFBC}") = "task-2", "task-2\task-2.csproj", "{8F182B50-9D4F-4DAC-B8F8-D4B347DBA8FD}"
EndProject
Global
	GlobalSection(SolutionConfigurationPlatforms) = preSolution
		Debug|Any CPU = Debug|Any CPU
		Release|Any CPU = Release|Any CPU
	EndGlobalSection
	GlobalSection(ProjectConfigurationPlatforms) = postSolution
		{8F182B50-9D4F-4DAC-B8F8-D4B347DBA8FD}.Debug|Any CPU.ActiveCfg = Debug|Any CPU
		{8F182B50-9D4F-4DAC-B8F8-D4B347DBA8FD}.Debug|Any CPU.Build.0 = Debug|Any CPU
		{8F182B50-9D4F-4DAC-B8F8-D4B347DBA8FD}.Release|Any CPU.ActiveCfg = Release|Any CPU
		{8F182B50-9D4F-4DAC-B8F8-D4B347DBA8FD}.Release|Any CPU.Build.0 = Release|Any CPU
	EndGlobalSection
	GlobalSection(SolutionProperties) = preSolution
		HideSolutionNode = FALSE
	EndGlobalSection
EndGlobal
